
Microsoft Visual Studio Solution File, Format Version 12.00
# Visual Studio Version 16
VisualStudioVersion = 16.0.30225.117
MinimumVisualStudioVersion = 10.0.40219.1
Project("{FAE04EC0-301F-11D3-BF4B-00C04F79EFBC}") = "FirstPractice2", "FirstPractice2\FirstPractice2.csproj", "{B2425D47-E17B-46C6-8481-70BB95956CA4}"
EndProject
Global
	GlobalSection(SolutionConfigurationPlatforms) = preSolution
		Debug|Any CPU = Debug|Any CPU
		Release|Any CPU = Release|Any CPU
	EndGlobalSection
	GlobalSection(ProjectConfigurationPlatforms) = postSolution
		{B2425D47-E17B-46C6-8481-70BB95956CA4}.Debug|Any CPU.ActiveCfg = Debug|Any CPU
		{B2425D47-E17B-46C6-8481-70BB95956CA4}.Debug|Any CPU.Build.0 = Debug|Any CPU
		{B2425D47-E17B-46C6-8481-70BB95956CA4}.Release|Any CPU.ActiveCfg = Release|Any CPU
		{B2425D47-E17B-46C6-8481-70BB95956CA4}.Release|Any CPU.Build.0 = Release|Any CPU
	EndGlobalSection
	GlobalSection(SolutionProperties) = preSolution
		HideSolutionNode = FALSE
	EndGlobalSection
	GlobalSection(ExtensibilityGlobals) = postSolution
		SolutionGuid = {52715808-06F3-4455-85EF-0E61D9DA5731}
	EndGlobalSection
EndGlobal
